{
  "name": "book",
  "version": "1.0.0",
  "lockfileVersion": 1,
  "requires": true,
  "dependencies": {
    "gitbook-plugin-accordion": {
      "version": "1.1.3",
      "resolved": "https://registry.npmmirror.com/gitbook-plugin-accordion/-/gitbook-plugin-accordion-1.1.3.tgz",
      "integrity": "sha512-tRxCzOAjJvJ+I3TG5HunrhUA9yNDq/nTtn6WCPOyVV8sk/qyRGJVIWgDp1QDy2STS5bqxSdedFepIUk3+XvPlw=="
    },
    "gitbook-plugin-chapter-fold": {
      "version": "0.0.4",
      "resolved": "https://registry.npmmirror.com/gitbook-plugin-chapter-fold/-/gitbook-plugin-chapter-fold-0.0.4.tgz",
      "integrity": "sha512-pszjq24KVV7sZFsaYE/3e3fA9zkdMiK4QVlfxvlOiuPpoEWuZb1BbpurZTla8aNjyqbE5ifK4BxwKlHvgcAlsg=="
    },
    "gitbook-plugin-flexible-alerts": {
      "version": "1.0.3",
      "resolved": "https://registry.npmmirror.com/gitbook-plugin-flexible-alerts/-/gitbook-plugin-flexible-alerts-1.0.3.tgz",
      "integrity": "sha512-81hXO9fIN4MYkRQ2D56kaNh4XQ/ztjQQQijB0cwXXqTbaLkpo+2P56BH6THRBMApxpFe5S9Q6X5YhTHkMyhHNw=="
    },
    "gitbook-plugin-klipse": {
      "version": "1.2.0",
      "resolved": "https://registry.npmmirror.com/gitbook-plugin-klipse/-/gitbook-plugin-klipse-1.2.0.tgz",
      "integrity": "sha512-pvt5Oc4sT6TG2hTijyDXQrdZbpsWyeOrWnuq9Z6IVBOBQjg22d0cBg6t7E8+ND6SbeIJdYKRUhXXMl5Snl0+KA=="
    },
    "gitbook-plugin-localized-footer": {
      "version": "0.3.1",
      "resolved": "https://registry.npmmirror.com/gitbook-plugin-localized-footer/-/gitbook-plugin-localized-footer-0.3.1.tgz",
      "integrity": "sha512-nQbq8NkKoq6N1C8Jo3mM8AabPvZlevzOMV5aDVA/A8pDr5N1amG/0HrJg6AoOF6ejVfFejqYkJpfOZO2GQmRZQ=="
    },
    "gitbook-plugin-search-pro": {
      "version": "2.0.2",
      "resolved": "https://registry.npmmirror.com/gitbook-plugin-search-pro/-/gitbook-plugin-search-pro-2.0.2.tgz",
      "integrity": "sha512-JZvfwp1DPsoAeGjGwLsYNr4BBgreAUYBfrpZbnLKg3COAO+OsFYOKEAexHKATOajCEhiQMfkN1rnFGTYP2XTkA==",
      "requires": {
        "html-entities": "1.2.0"
      }
    },
    "gitbook-plugin-sharing-plus": {
      "version": "0.0.2",
      "resolved": "https://registry.npmmirror.com/gitbook-plugin-sharing-plus/-/gitbook-plugin-sharing-plus-0.0.2.tgz",
      "integrity": "sha512-cGBbqjOazpaQs/OrVVjsA7gCCpd0UG8DJqOx6u93ICs/dIDlS6AgCJr6UXsTM7cA+piKhTU+U+V+LvOigTycmw==",
      "requires": {
        "lodash": "^3.10.1"
      }
    },
    "gitbook-plugin-sitemap": {
      "version": "1.2.0",
      "resolved": "https://registry.npmmirror.com/gitbook-plugin-sitemap/-/gitbook-plugin-sitemap-1.2.0.tgz",
      "integrity": "sha512-PSJ2BuuNot5CczwzjSCIyRRtom87nPXuD4pEtuVUEg10D8ZBpT3r9+/el6XRzwf8gyC4Sf3QKqreD/ia/G5V4g==",
      "requires": {
        "sitemap": "1.5.0"
      }
    },
    "gitbook-plugin-theme-hqbook": {
      "version": "1.1.0",
      "resolved": "https://registry.npmmirror.com/gitbook-plugin-theme-hqbook/-/gitbook-plugin-theme-hqbook-1.1.0.tgz",
      "integrity": "sha512-eSlUkjnNKmMVBe+G6Afh+Pg9yHuxjOzUMhnPk5nbPQGm8zfvXNNdmJrFr2XtUtlF1veWu/dHj/YVyM/ewjGIyg=="
    },
    "html-entities": {
      "version": "1.2.0",
      "resolved": "https://registry.npmmirror.com/html-entities/-/html-entities-1.2.0.tgz",
      "integrity": "sha512-0md7tlUUyb0BEQGsZzbqty1CgV6RESOoxdivt94AScqhBhYsPCCQCOaGvur/RospMjYpPJ7iFe3zw4Bu4SVA8g=="
    },
    "lodash": {
      "version": "3.10.1",
      "resolved": "https://registry.npmmirror.com/lodash/-/lodash-3.10.1.tgz",
      "integrity": "sha512-9mDDwqVIma6OZX79ZlDACZl8sBm0TEnkf99zV3iMA4GzkIT/9hiqP5mY0HoT1iNLCrKc/R1HByV+yJfRWVJryQ=="
    },
    "sitemap": {
      "version": "1.5.0",
      "resolved": "https://registry.npmmirror.com/sitemap/-/sitemap-1.5.0.tgz",
      "integrity": "sha512-AGevBYvwFaoBsZoWClv8qlaA3lpoPCUnNh2zxIHl3coZXXD5U2+GKtkMBS3pXvl5NXvzN4R0392gN4YrIpSUmQ==",
      "requires": {
        "underscore": "^1.7.0",
        "url-join": "^0.0.1"
      }
    },
    "underscore": {
      "version": "1.13.4",
      "resolved": "https://registry.npmmirror.com/underscore/-/underscore-1.13.4.tgz",
      "integrity": "sha512-BQFnUDuAQ4Yf/cYY5LNrK9NCJFKriaRbD9uR1fTeXnBeoa97W0i41qkZfGO9pSo8I5KzjAcSY2XYtdf0oKd7KQ=="
    },
    "url-join": {
      "version": "0.0.1",
      "resolved": "https://registry.npmmirror.com/url-join/-/url-join-0.0.1.tgz",
      "integrity": "sha512-H6dnQ/yPAAVzMQRvEvyz01hhfQL5qRWSEt7BX8t9DqnPw9BjMb64fjIRq76Uvf1hkHp+mTZvEVJ5guXOT0Xqaw=="
    }
  }
}
